
Microsoft Visual Studio Solution File, Format Version 12.00
# Visual Studio 14
VisualStudioVersion = 14.0.25420.1
MinimumVisualStudioVersion = 10.0.40219.1
Project("{8BC9CEB8-8B4A-11D0-8D11-00A0C91BC942}") = "pozadina", "pozadina\pozadina.vcxproj", "{B44C6807-F43C-4290-8A50-65AD4FD2BD7F}"
EndProject
Project("{54435603-DBB4-11D2-8724-00A0C9A8B90C}") = "glupe_kocke", "glupe_kocke\glupe_kocke.vdproj", "{89503A39-2C95-4D89-B5C2-3CBA3B4CC8D2}"
EndProject
Global
	GlobalSection(SolutionConfigurationPlatforms) = preSolution
		Debug|x64 = Debug|x64
		Debug|x86 = Debug|x86
		Release|x64 = Release|x64
		Release|x86 = Release|x86
	EndGlobalSection
	GlobalSection(ProjectConfigurationPlatforms) = postSolution
		{B44C6807-F43C-4290-8A50-65AD4FD2BD7F}.Debug|x64.ActiveCfg = Debug|x64
		{B44C6807-F43C-4290-8A50-65AD4FD2BD7F}.Debug|x64.Build.0 = Debug|x64
		{B44C6807-F43C-4290-8A50-65AD4FD2BD7F}.Debug|x86.ActiveCfg = Debug|Win32
		{B44C6807-F43C-4290-8A50-65AD4FD2BD7F}.Debug|x86.Build.0 = Debug|Win32
		{B44C6807-F43C-4290-8A50-65AD4FD2BD7F}.Release|x64.ActiveCfg = Release|x64
		{B44C6807-F43C-4290-8A50-65AD4FD2BD7F}.Release|x64.Build.0 = Release|x64
		{B44C6807-F43C-4290-8A50-65AD4FD2BD7F}.Release|x86.ActiveCfg = Release|Win32
		{B44C6807-F43C-4290-8A50-65AD4FD2BD7F}.Release|x86.Build.0 = Release|Win32
		{89503A39-2C95-4D89-B5C2-3CBA3B4CC8D2}.Debug|x64.ActiveCfg = Debug
		{89503A39-2C95-4D89-B5C2-3CBA3B4CC8D2}.Debug|x86.ActiveCfg = Debug
		{89503A39-2C95-4D89-B5C2-3CBA3B4CC8D2}.Release|x64.ActiveCfg = Release
		{89503A39-2C95-4D89-B5C2-3CBA3B4CC8D2}.Release|x86.ActiveCfg = Release
	EndGlobalSection
	GlobalSection(SolutionProperties) = preSolution
		HideSolutionNode = FALSE
	EndGlobalSection
EndGlobal
